
Microsoft Visual Studio Solution File, Format Version 12.00
# Visual Studio Version 17
VisualStudioVersion = 17.3.32922.545
MinimumVisualStudioVersion = 10.0.40219.1
Project("{FAE04EC0-301F-11D3-BF4B-00C04F79EFBC}") = "8 практосик", "8 практосик.csproj", "{562C9347-730E-4AD4-8E79-7017A74559D9}"
EndProject
Global
	GlobalSection(SolutionConfigurationPlatforms) = preSolution
		Debug|Any CPU = Debug|Any CPU
		Release|Any CPU = Release|Any CPU
	EndGlobalSection
	GlobalSection(ProjectConfigurationPlatforms) = postSolution
		{562C9347-730E-4AD4-8E79-7017A74559D9}.Debug|Any CPU.ActiveCfg = Debug|Any CPU
		{562C9347-730E-4AD4-8E79-7017A74559D9}.Debug|Any CPU.Build.0 = Debug|Any CPU
		{562C9347-730E-4AD4-8E79-7017A74559D9}.Release|Any CPU.ActiveCfg = Release|Any CPU
		{562C9347-730E-4AD4-8E79-7017A74559D9}.Release|Any CPU.Build.0 = Release|Any CPU
	EndGlobalSection
	GlobalSection(SolutionProperties) = preSolution
		HideSolutionNode = FALSE
	EndGlobalSection
	GlobalSection(ExtensibilityGlobals) = postSolution
		SolutionGuid = {CF4EB523-729F-41A3-A920-E4AB9D980377}
	EndGlobalSection
EndGlobal
